
Microsoft Visual Studio Solution File, Format Version 12.00
# Visual Studio Version 17
VisualStudioVersion = 17.4.33122.133
MinimumVisualStudioVersion = 10.0.40219.1
Project("{FAE04EC0-301F-11D3-BF4B-00C04F79EFBC}") = "LoginAzure.Api", "LoginAzure.Api\LoginAzure.Api.csproj", "{CD660730-1403-41D3-A36F-179BE0692C24}"
EndProject
Project("{FAE04EC0-301F-11D3-BF4B-00C04F79EFBC}") = "LoginAzure.Client", "LoginAzure.Client\LoginAzure.Client.csproj", "{8195507B-DE6C-421A-86AB-7CA8CA1E1037}"
EndProject
Global
	GlobalSection(SolutionConfigurationPlatforms) = preSolution
		Debug|Any CPU = Debug|Any CPU
		Release|Any CPU = Release|Any CPU
	EndGlobalSection
	GlobalSection(ProjectConfigurationPlatforms) = postSolution
		{CD660730-1403-41D3-A36F-179BE0692C24}.Debug|Any CPU.ActiveCfg = Debug|Any CPU
		{CD660730-1403-41D3-A36F-179BE0692C24}.Debug|Any CPU.Build.0 = Debug|Any CPU
		{CD660730-1403-41D3-A36F-179BE0692C24}.Release|Any CPU.ActiveCfg = Release|Any CPU
		{CD660730-1403-41D3-A36F-179BE0692C24}.Release|Any CPU.Build.0 = Release|Any CPU
		{8195507B-DE6C-421A-86AB-7CA8CA1E1037}.Debug|Any CPU.ActiveCfg = Debug|Any CPU
		{8195507B-DE6C-421A-86AB-7CA8CA1E1037}.Debug|Any CPU.Build.0 = Debug|Any CPU
		{8195507B-DE6C-421A-86AB-7CA8CA1E1037}.Release|Any CPU.ActiveCfg = Release|Any CPU
		{8195507B-DE6C-421A-86AB-7CA8CA1E1037}.Release|Any CPU.Build.0 = Release|Any CPU
	EndGlobalSection
	GlobalSection(SolutionProperties) = preSolution
		HideSolutionNode = FALSE
	EndGlobalSection
	GlobalSection(ExtensibilityGlobals) = postSolution
		SolutionGuid = {6BF052B5-9D4B-4E9C-AA75-B5985F798A2C}
	EndGlobalSection
EndGlobal
